
Microsoft Visual Studio Solution File, Format Version 12.00
Project("{FAE04EC0-301F-11D3-BF4B-00C04F79EFBC}") = "Authentication01", "Authentication01.csproj", "{33813527-86B6-4458-A64A-FAFEEB0966EA}"
EndProject
Global
	GlobalSection(SolutionConfigurationPlatforms) = preSolution
		Debug|Any CPU = Debug|Any CPU
		Release|Any CPU = Release|Any CPU
	EndGlobalSection
	GlobalSection(ProjectConfigurationPlatforms) = postSolution
		{33813527-86B6-4458-A64A-FAFEEB0966EA}.Debug|Any CPU.ActiveCfg = Debug|Any CPU
		{33813527-86B6-4458-A64A-FAFEEB0966EA}.Debug|Any CPU.Build.0 = Debug|Any CPU
		{33813527-86B6-4458-A64A-FAFEEB0966EA}.Release|Any CPU.ActiveCfg = Release|Any CPU
		{33813527-86B6-4458-A64A-FAFEEB0966EA}.Release|Any CPU.Build.0 = Release|Any CPU
	EndGlobalSection
EndGlobal
