
Microsoft Visual Studio Solution File, Format Version 12.00
# Visual Studio Version 17
VisualStudioVersion = 17.10.35122.118
MinimumVisualStudioVersion = 10.0.40219.1
Project("{FAE04EC0-301F-11D3-BF4B-00C04F79EFBC}") = "ContactsManagerApp", "ContactsManagerApp.csproj", "{AD6EFD99-EA4A-41BF-90D6-02A8165D938B}"
EndProject
Global
	GlobalSection(SolutionConfigurationPlatforms) = preSolution
		Debug|Any CPU = Debug|Any CPU
		Release|Any CPU = Release|Any CPU
	EndGlobalSection
	GlobalSection(ProjectConfigurationPlatforms) = postSolution
		{AD6EFD99-EA4A-41BF-90D6-02A8165D938B}.Debug|Any CPU.ActiveCfg = Debug|Any CPU
		{AD6EFD99-EA4A-41BF-90D6-02A8165D938B}.Debug|Any CPU.Build.0 = Debug|Any CPU
		{AD6EFD99-EA4A-41BF-90D6-02A8165D938B}.Release|Any CPU.ActiveCfg = Release|Any CPU
		{AD6EFD99-EA4A-41BF-90D6-02A8165D938B}.Release|Any CPU.Build.0 = Release|Any CPU
	EndGlobalSection
	GlobalSection(SolutionProperties) = preSolution
		HideSolutionNode = FALSE
	EndGlobalSection
	GlobalSection(ExtensibilityGlobals) = postSolution
		SolutionGuid = {D6DFDA5A-7B7C-4D51-A43B-17113FD1A14D}
	EndGlobalSection
EndGlobal
